bitbucket.org/pkg/inflect v0.0.0-20130829110746-8961c3750a47/go.mod h1:8Rt8gHhG+tKz8P3SoEzL/ZNVl25fPhMFKItv5HLIdtY=
github.com/corpix/uarand v0.0.0-20170903190822-2b8494104d86/go.mod h1:JSm890tOkDN+M1jqN8pUGDKnzJrsVbJwSMHBY4zwz7M=
github.com/docker/distribution v2.6.2+incompatible h1:4FI6af79dfCS/CYb+RRtkSHw3q1L/bnDjG1PcPZtQhM=
github.com/docker/distribution v2.6.2+incompatible/go.mod h1:J2gT2udsDAN96Uj4KfcMRqY0/ypR+oyYUYmja8H+y+w=
github.com/docker/docker v1.13.1/go.mod h1:eEKB0N0r5NX/I1kEveEz05bcu8tLC/8azJZsviup8Sk=
github.com/docker/go-connections v0.4.0/go.mod h1:Gbd7IOopHjR8Iph03tsViu4nIes5XhDvyHbTtUxmeec=
github.com/docker/go-units v0.3.3/go.mod h1:fgPhTUdO+D/Jk86RDLlptpiXQzgHJF7gydDDbaIK4Dk=
github.com/google/gofuzz v0.0.0-20170612174753-24818f796faf/go.mod h1:HP5RmnzzSNb993RKQDq4+1A4ia9nllfqcQFTQJedwGI=
github.com/google/skylark v0.0.0-20180918192949-ea6a6cb3d5aa h1:9KHAqoD+4GbuXeWOioTA0vw2VeeZku1j+bJRyRtHb6E=
github.com/google/skylark v0.0.0-20180918192949-ea6a6cb3d5aa/go.mod h1:CKSX6SxHW1vp20ZNaeGe3TFFBIwCG6vaYrpAiOzX+NA=
github.com/google/subcommands v0.0.0-20180618214453-5bae204cdfb2/go.mod h1:ZjhPrFU+Olkh9WazFPsl27BQ4UPiG37m3yTrtFlrHVk=
github.com/icrowley/fake v0.0.0-20180203215853-4178557ae428/go.mod h1:uhpZMVGznybq1itEKXj6RYw9I71qK4kH+OGMjRC4KEo=
github.com/kr/pretty v0.1.0/go.mod h1:dAy3ld7l9f0ibDNOQOHHMYYIIbhfbHSm3C4ZsoJORNo=
github.com/kr/pty v1.1.1/go.mod h1:pFQYn66WHrOpPYNljwOMqo10TkYh1fy3cYio2l3bCsQ=
github.com/kr/text v0.1.0/go.mod h1:4Jbv+DJW3UT/LiOwJeYQe1efqtUx/iVham/4vfdArNI=
github.com/moby/moby v0.0.0-20170601211448-f5ec1e2936dc h1:tdPbvdQU+MUTbWdwnqkSxIYEBmZsddasynN4V4pb/IM=
github.com/moby/moby v0.0.0-20170601211448-f5ec1e2936dc/go.mod h1:fDXVQ6+S340veQPv35CzDahGBmHsiclFwfEygB/TWMc=
github.com/pkg/errors v0.8.0/go.mod h1:bwawxfHBFNV+L2hUp1rHADufV3IMtnDRdf1r5NINEl0=
github.com/vaughan0/go-ini v0.0.0-20130923145212-a98ad7ee00ec/go.mod h1:owBmyHYMLkxyrugmfwE/DLJyW8Ro9mkphwuVErQ0iUw=
golang.org/x/net v0.0.0-20180911220305-26e67e76b6c3 h1:czFLhve3vsQetD6JOJ8NZZvGQIXlnN3/yXxbT6/awxI=
golang.org/x/net v0.0.0-20180911220305-26e67e76b6c3/go.mod h1:mL1N/T3taQHkDXs73rZJwtUhF3w3ftmwwsq0BUmARs4=
sevki.org/pqueue v0.0.0-20180411183211-725269ba7143/go.mod h1:2KyjWGC9Y4OtxDfSRtUpRo/xJzuyrUo7XiHyLxb/Pdw=
sevki.org/x v0.0.0-20180629133751-049d611bbdf9/go.mod h1:vwLFLRTlAtIopXpVYqY+78e8LMc09ZblNvz83+Qk3Hk=
